
Microsoft Visual Studio Solution File, Format Version 12.00
# Visual Studio Version 16
VisualStudioVersion = 16.0.29102.190
MinimumVisualStudioVersion = 10.0.40219.1
Project("{9A19103F-16F7-4668-BE54-9A1E7A4F7556}") = "FurnitureSiteProject_MentorMate", "FurnitureSiteProject_MentorMate.csproj", "{A3D49179-3E94-462F-BDB2-09F9D3B62B17}"
EndProject
Global
	GlobalSection(SolutionConfigurationPlatforms) = preSolution
		Debug|Any CPU = Debug|Any CPU
		Release|Any CPU = Release|Any CPU
	EndGlobalSection
	GlobalSection(ProjectConfigurationPlatforms) = postSolution
		{A3D49179-3E94-462F-BDB2-09F9D3B62B17}.Debug|Any CPU.ActiveCfg = Debug|Any CPU
		{A3D49179-3E94-462F-BDB2-09F9D3B62B17}.Debug|Any CPU.Build.0 = Debug|Any CPU
		{A3D49179-3E94-462F-BDB2-09F9D3B62B17}.Release|Any CPU.ActiveCfg = Release|Any CPU
		{A3D49179-3E94-462F-BDB2-09F9D3B62B17}.Release|Any CPU.Build.0 = Release|Any CPU
	EndGlobalSection
	GlobalSection(SolutionProperties) = preSolution
		HideSolutionNode = FALSE
	EndGlobalSection
	GlobalSection(ExtensibilityGlobals) = postSolution
		SolutionGuid = {E4D04306-5AFE-4F9D-88AE-38B9B9AA4006}
	EndGlobalSection
EndGlobal
